
Microsoft Visual Studio Solution File, Format Version 9.00
# Visual Studio 2005
Project("{930C7802-8A8C-48F9-8165-68863BCCD9DD}") = "WixInstallDirSample", "WixInstallDirSample.wixproj", "{2B0AA14E-7D46-4B99-B41A-DE15356F92AB}"
EndProject
Global
	GlobalSection(SolutionConfigurationPlatforms) = preSolution
		Debug|Any CPU = Debug|Any CPU
		Release|Any CPU = Release|Any CPU
	EndGlobalSection
	GlobalSection(ProjectConfigurationPlatforms) = postSolution
		{2B0AA14E-7D46-4B99-B41A-DE15356F92AB}.Debug|Any CPU.ActiveCfg = Debug|Any CPU
		{2B0AA14E-7D46-4B99-B41A-DE15356F92AB}.Debug|Any CPU.Build.0 = Debug|Any CPU
		{2B0AA14E-7D46-4B99-B41A-DE15356F92AB}.Release|Any CPU.ActiveCfg = Release|Any CPU
		{2B0AA14E-7D46-4B99-B41A-DE15356F92AB}.Release|Any CPU.Build.0 = Release|Any CPU
	EndGlobalSection
	GlobalSection(SolutionProperties) = preSolution
		HideSolutionNode = FALSE
	EndGlobalSection
EndGlobal
