Microsoft Visual Studio Solution File, Format Version 10.00
# Visual Studio 2008
Project("{FAE04EC0-301F-11D3-BF4B-00C04F79EFBC}") = "Tao.Lua", "src\Tao.Lua\Tao.Lua.csproj", "{11D88031-4650-43D5-B626-4C3E9A276923}"
EndProject
Project("{FAE04EC0-301F-11D3-BF4B-00C04F79EFBC}") = "LuaFunctions", "examples\LuaFunctions\LuaFunctions.csproj", "{1130F7D5-1CB1-4619-837F-D4325D723D53}"
EndProject
Project("{FAE04EC0-301F-11D3-BF4B-00C04F79EFBC}") = "LuaSimple", "examples\LuaSimple\LuaSimple.csproj", "{FD17B662-5A37-4FCD-A5AF-B654FA001E89}"
EndProject
Project("{2150E333-8FDC-42A3-9474-1A3956D46DE8}") = "TaoFramework", "TaoFramework", "{9B157EE9-4FA6-45D5-BAEC-8A66E94D1B4B}"
EndProject
Project("{2150E333-8FDC-42A3-9474-1A3956D46DE8}") = "Examples", "Examples", "{97C66787-F2D8-4530-A13D-DACC4867FE73}"
EndProject
Project("{FAE04EC0-301F-11D3-BF4B-00C04F79EFBC}") = "Tao.Cg", "src\Tao.Cg\Tao.Cg.csproj", "{723454BE-6A6B-4D52-B0A0-F4B0ED4F8C49}"
EndProject
Project("{FAE04EC0-301F-11D3-BF4B-00C04F79EFBC}") = "Tao.DevIl", "src\Tao.DevIl\Tao.DevIl.csproj", "{E644F15A-A963-4B9D-808D-9463CB96D0B2}"
EndProject
Project("{FAE04EC0-301F-11D3-BF4B-00C04F79EFBC}") = "Tao.FFmpeg", "src\Tao.FFmpeg\Tao.FFmpeg.csproj", "{ABF4DD1F-C5CE-40E1-86B2-AA82127B1927}"
EndProject
Project("{FAE04EC0-301F-11D3-BF4B-00C04F79EFBC}") = "Tao.FreeGlut", "src\Tao.FreeGlut\Tao.FreeGlut.csproj", "{87C95364-7158-4D81-83B8-97B649E27ABA}"
EndProject
Project("{FAE04EC0-301F-11D3-BF4B-00C04F79EFBC}") = "Tao.FreeType", "src\Tao.FreeType\Tao.FreeType.csproj", "{C04A3F9B-E8C5-42F2-9E15-1B2E71264881}"
EndProject
Project("{FAE04EC0-301F-11D3-BF4B-00C04F79EFBC}") = "Tao.FtGl", "src\Tao.FtGl\Tao.FtGl.csproj", "{AB1A37A9-854C-4C38-BE80-0D2A0502C7A6}"
EndProject
Project("{FAE04EC0-301F-11D3-BF4B-00C04F79EFBC}") = "Tao.Glfw", "src\Tao.Glfw\Tao.Glfw.csproj", "{15C1A132-940F-4C07-B81A-74C56AC80D10}"
EndProject
Project("{FAE04EC0-301F-11D3-BF4B-00C04F79EFBC}") = "Tao.Ode", "src\Tao.Ode\Tao.Ode.csproj", "{FF441462-B6DB-480C-844B-1281C439D514}"
EndProject
Project("{FAE04EC0-301F-11D3-BF4B-00C04F79EFBC}") = "Tao.OpenAl", "src\Tao.OpenAl\Tao.OpenAl.csproj", "{7B619BB0-3AB4-4DC9-BA37-BC5B461BEF17}"
EndProject
Project("{FAE04EC0-301F-11D3-BF4B-00C04F79EFBC}") = "Tao.OpenGl", "src\Tao.OpenGl\Tao.OpenGl.csproj", "{6292109B-6BB4-4120-AD56-F409C0285AB6}"
EndProject
Project("{FAE04EC0-301F-11D3-BF4B-00C04F79EFBC}") = "Tao.PhysFs", "src\Tao.PhysFs\Tao.PhysFs.csproj", "{6B39535D-B2C1-414C-94A4-BBB70EF8EB0D}"
EndProject
Project("{FAE04EC0-301F-11D3-BF4B-00C04F79EFBC}") = "Tao.Platform.Windows", "src\Tao.Platform.Windows\Tao.Platform.Windows.csproj", "{228201EB-1A36-4E25-B59F-52255CBBE270}"
EndProject
Project("{FAE04EC0-301F-11D3-BF4B-00C04F79EFBC}") = "Tao.Platform.X11", "src\Tao.Platform.X11\Tao.Platform.X11.csproj", "{291CD638-964A-4E66-AFC1-BC9AFF9E0D60}"
EndProject
Project("{FAE04EC0-301F-11D3-BF4B-00C04F79EFBC}") = "Tao.Sdl", "src\Tao.Sdl\Tao.Sdl.csproj", "{DD8BE6C6-C237-4C82-B521-754900077769}"
EndProject
Project("{FAE04EC0-301F-11D3-BF4B-00C04F79EFBC}") = "CgExamples", "examples\CgExamples\CgExamples.csproj", "{FA92914D-1A61-431A-9BD4-82469A1AF787}"
EndProject
Project("{FAE04EC0-301F-11D3-BF4B-00C04F79EFBC}") = "DevIlExamples", "examples\DevIlExamples\DevIlExamples.csproj", "{B5395FB5-D38F-4271-B7A8-8BAC98E37502}"
EndProject
Project("{FAE04EC0-301F-11D3-BF4B-00C04F79EFBC}") = "FFmpegExamples", "examples\FFmpegExamples\FFmpegExamples.csproj", "{6A86C66C-2A58-4BBF-BA13-B54515052BAE}"
EndProject
Project("{FAE04EC0-301F-11D3-BF4B-00C04F79EFBC}") = "FreeGlutExamples", "examples\FreeGlutExamples\FreeGlutExamples.csproj", "{3B6C7425-AA18-4890-ADF1-56F21095E94E}"
EndProject
Project("{FAE04EC0-301F-11D3-BF4B-00C04F79EFBC}") = "FtGlScrolling", "examples\FtGlScrolling\FtGlScrolling.csproj", "{6899DB22-2477-42CD-813C-ED77011AE28F}"
EndProject
Project("{FAE04EC0-301F-11D3-BF4B-00C04F79EFBC}") = "FtGlSimple", "examples\FtGlSimple\FtGlSimple.csproj", "{0C0EFC5C-B5E8-4595-B270-A67D2463FEAA}"
EndProject
Project("{FAE04EC0-301F-11D3-BF4B-00C04F79EFBC}") = "GeWangExamples", "examples\GeWangExamples\GeWangExamples.csproj", "{78748E63-B733-4B50-BE65-05E711E33D4F}"
EndProject
Project("{FAE04EC0-301F-11D3-BF4B-00C04F79EFBC}") = "GlfwExamples", "examples\GlfwExamples\GlfwExamples.csproj", "{B60D9D96-28D9-4D65-B493-2D8EBD8CDF44}"
EndProject
Project("{FAE04EC0-301F-11D3-BF4B-00C04F79EFBC}") = "NateRobins", "examples\NateRobins\NateRobins.csproj", "{07F2FB99-129A-482E-8ECC-8AC494F2C0D0}"
EndProject
Project("{FAE04EC0-301F-11D3-BF4B-00C04F79EFBC}") = "NeHe", "examples\NeHe\NeHe.csproj", "{FCC053CE-BC45-4687-84BF-8F8B731089ED}"
EndProject
Project("{FAE04EC0-301F-11D3-BF4B-00C04F79EFBC}") = "OdeExamples", "examples\OdeExamples\OdeExamples.csproj", "{F4D6DE83-4CC0-43A0-8796-1279B4B5F26F}"
EndProject
Project("{FAE04EC0-301F-11D3-BF4B-00C04F79EFBC}") = "OpenAlExamples", "examples\OpenAlExamples\OpenAlExamples.csproj", "{15DF8877-A758-4D78-BAE8-1E3290548D1D}"
EndProject
Project("{FAE04EC0-301F-11D3-BF4B-00C04F79EFBC}") = "PhysFsExamples", "examples\PhysFsExamples\PhysFsExamples.csproj", "{8937F640-29DA-43B3-887E-88F5A855F01B}"
EndProject
Project("{FAE04EC0-301F-11D3-BF4B-00C04F79EFBC}") = "Redbook", "examples\Redbook\Redbook.csproj", "{7E8945BA-1C9C-4C88-A4D9-70BE863C4056}"
EndProject
Project("{FAE04EC0-301F-11D3-BF4B-00C04F79EFBC}") = "Tao.Ode.Tests", "tests\Ode\Tao.Ode.Tests.csproj", "{BA802E4D-7B42-456A-AD84-8A98B746379C}"
EndProject
Project("{FAE04EC0-301F-11D3-BF4B-00C04F79EFBC}") = "Tao.Sdl.Tests", "tests\Sdl\Tao.Sdl.Tests.csproj", "{FCDF610D-8D0C-41E1-AE18-4915FC461560}"
EndProject
Project("{2150E333-8FDC-42A3-9474-1A3956D46DE8}") = "Tests", "Tests", "{49A01A77-2807-4E2E-B2D0-838F67FF2E3D}"
EndProject
Project("{2150E333-8FDC-42A3-9474-1A3956D46DE8}") = "OpenGl", "OpenGl", "{C50CE52A-B641-4359-9917-A43A622B9DA2}"
EndProject
Project("{2150E333-8FDC-42A3-9474-1A3956D46DE8}") = "OpenAl", "OpenAl", "{CAC48C2A-8B30-4ED0-8E86-A57F8656CE4D}"
EndProject
Project("{FAE04EC0-301F-11D3-BF4B-00C04F79EFBC}") = "SdlExamples", "examples\SdlExamples\SdlExamples.csproj", "{BD901EFF-3281-40FB-9B1B-6A3D3663842E}"
EndProject
Project("{FAE04EC0-301F-11D3-BF4B-00C04F79EFBC}") = "TaoMediaPlayer", "examples\TaoMediaPlayer\TaoMediaPlayer.csproj", "{2AFB6ECD-5664-4291-A252-6C471687F7D7}"
EndProject
Project("{2150E333-8FDC-42A3-9474-1A3956D46DE8}") = "FFmpeg", "FFmpeg", "{40A0C812-16CB-43F5-93BD-928F7167A17B}"
EndProject
Project("{2150E333-8FDC-42A3-9474-1A3956D46DE8}") = "OpenGl", "OpenGl", "{13419928-FF46-4453-87F6-41303D47ECBA}"
EndProject
Project("{2150E333-8FDC-42A3-9474-1A3956D46DE8}") = "OpenAl", "OpenAl", "{F79CBC68-A9B3-4351-B995-7B1A1E915804}"
EndProject
Project("{2150E333-8FDC-42A3-9474-1A3956D46DE8}") = "Sdl", "Sdl", "{65801840-1BEE-4046-986C-1C107B9D729B}"
EndProject
Project("{2150E333-8FDC-42A3-9474-1A3956D46DE8}") = "FFmpeg", "FFmpeg", "{CC95AA3A-B6B9-44AB-B129-FACFD05DD019}"
EndProject
Project("{2150E333-8FDC-42A3-9474-1A3956D46DE8}") = "Sdl", "Sdl", "{917EE418-79F4-4507-868B-0B0186228788}"
EndProject
Project("{2150E333-8FDC-42A3-9474-1A3956D46DE8}") = "Tools", "Tools", "{623BD592-4AC0-4F3E-90EA-8A1D30460402}"
EndProject
Project("{FAE04EC0-301F-11D3-BF4B-00C04F79EFBC}") = "Tao.GlBindGen", "src\Tao.GlBindGen\Tao.GlBindGen.csproj", "{261D4F4E-AC44-4C48-BAA7-10E27B9F8F21}"
EndProject
Project("{2150E333-8FDC-42A3-9474-1A3956D46DE8}") = "Misc", "Misc", "{32AE5C57-2901-40F5-BA3E-9811638C3D9E}"
EndProject
Project("{2150E333-8FDC-42A3-9474-1A3956D46DE8}") = "Misc", "Misc", "{1A1DC55C-066A-473E-8D94-E245F13D94EB}"
EndProject
Global
	GlobalSection(SolutionConfigurationPlatforms) = preSolution
		Debug|Any CPU = Debug|Any CPU
		Debug|x86 = Debug|x86
		Release|Any CPU = Release|Any CPU
		Release|x86 = Release|x86
	EndGlobalSection
	GlobalSection(ProjectConfigurationPlatforms) = postSolution
		{11D88031-4650-43D5-B626-4C3E9A276923}.Debug|Any CPU.ActiveCfg = Debug|Any CPU
		{11D88031-4650-43D5-B626-4C3E9A276923}.Debug|Any CPU.Build.0 = Debug|Any CPU
		{11D88031-4650-43D5-B626-4C3E9A276923}.Debug|x86.ActiveCfg = Debug|Any CPU
		{11D88031-4650-43D5-B626-4C3E9A276923}.Release|Any CPU.ActiveCfg = Release|Any CPU
		{11D88031-4650-43D5-B626-4C3E9A276923}.Release|Any CPU.Build.0 = Release|Any CPU
		{11D88031-4650-43D5-B626-4C3E9A276923}.Release|x86.ActiveCfg = Release|Any CPU
		{1130F7D5-1CB1-4619-837F-D4325D723D53}.Debug|Any CPU.ActiveCfg = Debug|Any CPU
		{1130F7D5-1CB1-4619-837F-D4325D723D53}.Debug|Any CPU.Build.0 = Debug|Any CPU
		{1130F7D5-1CB1-4619-837F-D4325D723D53}.Debug|x86.ActiveCfg = Debug|Any CPU
		{1130F7D5-1CB1-4619-837F-D4325D723D53}.Release|Any CPU.ActiveCfg = Release|Any CPU
		{1130F7D5-1CB1-4619-837F-D4325D723D53}.Release|Any CPU.Build.0 = Release|Any CPU
		{1130F7D5-1CB1-4619-837F-D4325D723D53}.Release|x86.ActiveCfg = Release|Any CPU
		{FD17B662-5A37-4FCD-A5AF-B654FA001E89}.Debug|Any CPU.ActiveCfg = Debug|Any CPU
		{FD17B662-5A37-4FCD-A5AF-B654FA001E89}.Debug|Any CPU.Build.0 = Debug|Any CPU
		{FD17B662-5A37-4FCD-A5AF-B654FA001E89}.Debug|x86.ActiveCfg = Debug|Any CPU
		{FD17B662-5A37-4FCD-A5AF-B654FA001E89}.Release|Any CPU.ActiveCfg = Release|Any CPU
		{FD17B662-5A37-4FCD-A5AF-B654FA001E89}.Release|Any CPU.Build.0 = Release|Any CPU
		{FD17B662-5A37-4FCD-A5AF-B654FA001E89}.Release|x86.ActiveCfg = Release|Any CPU
		{723454BE-6A6B-4D52-B0A0-F4B0ED4F8C49}.Debug|Any CPU.ActiveCfg = Debug|Any CPU
		{723454BE-6A6B-4D52-B0A0-F4B0ED4F8C49}.Debug|Any CPU.Build.0 = Debug|Any CPU
		{723454BE-6A6B-4D52-B0A0-F4B0ED4F8C49}.Debug|x86.ActiveCfg = Debug|Any CPU
		{723454BE-6A6B-4D52-B0A0-F4B0ED4F8C49}.Release|Any CPU.ActiveCfg = Release|Any CPU
		{723454BE-6A6B-4D52-B0A0-F4B0ED4F8C49}.Release|Any CPU.Build.0 = Release|Any CPU
		{723454BE-6A6B-4D52-B0A0-F4B0ED4F8C49}.Release|x86.ActiveCfg = Release|Any CPU
		{E644F15A-A963-4B9D-808D-9463CB96D0B2}.Debug|Any CPU.ActiveCfg = Debug|Any CPU
		{E644F15A-A963-4B9D-808D-9463CB96D0B2}.Debug|Any CPU.Build.0 = Debug|Any CPU
		{E644F15A-A963-4B9D-808D-9463CB96D0B2}.Debug|x86.ActiveCfg = Debug|Any CPU
		{E644F15A-A963-4B9D-808D-9463CB96D0B2}.Release|Any CPU.ActiveCfg = Release|Any CPU
		{E644F15A-A963-4B9D-808D-9463CB96D0B2}.Release|Any CPU.Build.0 = Release|Any CPU
		{E644F15A-A963-4B9D-808D-9463CB96D0B2}.Release|x86.ActiveCfg = Release|Any CPU
		{ABF4DD1F-C5CE-40E1-86B2-AA82127B1927}.Debug|Any CPU.ActiveCfg = Debug|Any CPU
		{ABF4DD1F-C5CE-40E1-86B2-AA82127B1927}.Debug|Any CPU.Build.0 = Debug|Any CPU
		{ABF4DD1F-C5CE-40E1-86B2-AA82127B1927}.Debug|x86.ActiveCfg = Debug|Any CPU
		{ABF4DD1F-C5CE-40E1-86B2-AA82127B1927}.Release|Any CPU.ActiveCfg = Release|Any CPU
		{ABF4DD1F-C5CE-40E1-86B2-AA82127B1927}.Release|Any CPU.Build.0 = Release|Any CPU
		{ABF4DD1F-C5CE-40E1-86B2-AA82127B1927}.Release|x86.ActiveCfg = Release|Any CPU
		{87C95364-7158-4D81-83B8-97B649E27ABA}.Debug|Any CPU.ActiveCfg = Debug|Any CPU
		{87C95364-7158-4D81-83B8-97B649E27ABA}.Debug|Any CPU.Build.0 = Debug|Any CPU
		{87C95364-7158-4D81-83B8-97B649E27ABA}.Debug|x86.ActiveCfg = Debug|Any CPU
		{87C95364-7158-4D81-83B8-97B649E27ABA}.Release|Any CPU.ActiveCfg = Release|Any CPU
		{87C95364-7158-4D81-83B8-97B649E27ABA}.Release|Any CPU.Build.0 = Release|Any CPU
		{87C95364-7158-4D81-83B8-97B649E27ABA}.Release|x86.ActiveCfg = Release|Any CPU
		{C04A3F9B-E8C5-42F2-9E15-1B2E71264881}.Debug|Any CPU.ActiveCfg = Debug|Any CPU
		{C04A3F9B-E8C5-42F2-9E15-1B2E71264881}.Debug|Any CPU.Build.0 = Debug|Any CPU
		{C04A3F9B-E8C5-42F2-9E15-1B2E71264881}.Debug|x86.ActiveCfg = Debug|Any CPU
		{C04A3F9B-E8C5-42F2-9E15-1B2E71264881}.Release|Any CPU.ActiveCfg = Release|Any CPU
		{C04A3F9B-E8C5-42F2-9E15-1B2E71264881}.Release|Any CPU.Build.0 = Release|Any CPU
		{C04A3F9B-E8C5-42F2-9E15-1B2E71264881}.Release|x86.ActiveCfg = Release|Any CPU
		{AB1A37A9-854C-4C38-BE80-0D2A0502C7A6}.Debug|Any CPU.ActiveCfg = Debug|Any CPU
		{AB1A37A9-854C-4C38-BE80-0D2A0502C7A6}.Debug|Any CPU.Build.0 = Debug|Any CPU
		{AB1A37A9-854C-4C38-BE80-0D2A0502C7A6}.Debug|x86.ActiveCfg = Debug|Any CPU
		{AB1A37A9-854C-4C38-BE80-0D2A0502C7A6}.Release|Any CPU.ActiveCfg = Release|Any CPU
		{AB1A37A9-854C-4C38-BE80-0D2A0502C7A6}.Release|Any CPU.Build.0 = Release|Any CPU
		{AB1A37A9-854C-4C38-BE80-0D2A0502C7A6}.Release|x86.ActiveCfg = Release|Any CPU
		{15C1A132-940F-4C07-B81A-74C56AC80D10}.Debug|Any CPU.ActiveCfg = Debug|Any CPU
		{15C1A132-940F-4C07-B81A-74C56AC80D10}.Debug|Any CPU.Build.0 = Debug|Any CPU
		{15C1A132-940F-4C07-B81A-74C56AC80D10}.Debug|x86.ActiveCfg = Debug|Any CPU
		{15C1A132-940F-4C07-B81A-74C56AC80D10}.Release|Any CPU.ActiveCfg = Release|Any CPU
		{15C1A132-940F-4C07-B81A-74C56AC80D10}.Release|Any CPU.Build.0 = Release|Any CPU
		{15C1A132-940F-4C07-B81A-74C56AC80D10}.Release|x86.ActiveCfg = Release|Any CPU
		{FF441462-B6DB-480C-844B-1281C439D514}.Debug|Any CPU.ActiveCfg = Debug|Any CPU
		{FF441462-B6DB-480C-844B-1281C439D514}.Debug|Any CPU.Build.0 = Debug|Any CPU
		{FF441462-B6DB-480C-844B-1281C439D514}.Debug|x86.ActiveCfg = Debug|Any CPU
		{FF441462-B6DB-480C-844B-1281C439D514}.Release|Any CPU.ActiveCfg = Release|Any CPU
		{FF441462-B6DB-480C-844B-1281C439D514}.Release|Any CPU.Build.0 = Release|Any CPU
		{FF441462-B6DB-480C-844B-1281C439D514}.Release|x86.ActiveCfg = Release|Any CPU
		{7B619BB0-3AB4-4DC9-BA37-BC5B461BEF17}.Debug|Any CPU.ActiveCfg = Debug|Any CPU
		{7B619BB0-3AB4-4DC9-BA37-BC5B461BEF17}.Debug|Any CPU.Build.0 = Debug|Any CPU
		{7B619BB0-3AB4-4DC9-BA37-BC5B461BEF17}.Debug|x86.ActiveCfg = Debug|Any CPU
		{7B619BB0-3AB4-4DC9-BA37-BC5B461BEF17}.Release|Any CPU.ActiveCfg = Release|Any CPU
		{7B619BB0-3AB4-4DC9-BA37-BC5B461BEF17}.Release|Any CPU.Build.0 = Release|Any CPU
		{7B619BB0-3AB4-4DC9-BA37-BC5B461BEF17}.Release|x86.ActiveCfg = Release|Any CPU
		{6292109B-6BB4-4120-AD56-F409C0285AB6}.Debug|Any CPU.ActiveCfg = Debug|Any CPU
		{6292109B-6BB4-4120-AD56-F409C0285AB6}.Debug|Any CPU.Build.0 = Debug|Any CPU
		{6292109B-6BB4-4120-AD56-F409C0285AB6}.Debug|x86.ActiveCfg = Debug|Any CPU
		{6292109B-6BB4-4120-AD56-F409C0285AB6}.Release|Any CPU.ActiveCfg = Release|Any CPU
		{6292109B-6BB4-4120-AD56-F409C0285AB6}.Release|Any CPU.Build.0 = Release|Any CPU
		{6292109B-6BB4-4120-AD56-F409C0285AB6}.Release|x86.ActiveCfg = Release|Any CPU
		{6B39535D-B2C1-414C-94A4-BBB70EF8EB0D}.Debug|Any CPU.ActiveCfg = Debug|Any CPU
		{6B39535D-B2C1-414C-94A4-BBB70EF8EB0D}.Debug|Any CPU.Build.0 = Debug|Any CPU
		{6B39535D-B2C1-414C-94A4-BBB70EF8EB0D}.Debug|x86.ActiveCfg = Debug|Any CPU
		{6B39535D-B2C1-414C-94A4-BBB70EF8EB0D}.Release|Any CPU.ActiveCfg = Release|Any CPU
		{6B39535D-B2C1-414C-94A4-BBB70EF8EB0D}.Release|Any CPU.Build.0 = Release|Any CPU
		{6B39535D-B2C1-414C-94A4-BBB70EF8EB0D}.Release|x86.ActiveCfg = Release|Any CPU
		{228201EB-1A36-4E25-B59F-52255CBBE270}.Debug|Any CPU.ActiveCfg = Debug|Any CPU
		{228201EB-1A36-4E25-B59F-52255CBBE270}.Debug|Any CPU.Build.0 = Debug|Any CPU
		{228201EB-1A36-4E25-B59F-52255CBBE270}.Debug|x86.ActiveCfg = Debug|Any CPU
		{228201EB-1A36-4E25-B59F-52255CBBE270}.Release|Any CPU.ActiveCfg = Release|Any CPU
		{228201EB-1A36-4E25-B59F-52255CBBE270}.Release|Any CPU.Build.0 = Release|Any CPU
		{228201EB-1A36-4E25-B59F-52255CBBE270}.Release|x86.ActiveCfg = Release|Any CPU
		{291CD638-964A-4E66-AFC1-BC9AFF9E0D60}.Debug|Any CPU.ActiveCfg = Debug|Any CPU
		{291CD638-964A-4E66-AFC1-BC9AFF9E0D60}.Debug|Any CPU.Build.0 = Debug|Any CPU
		{291CD638-964A-4E66-AFC1-BC9AFF9E0D60}.Debug|x86.ActiveCfg = Debug|Any CPU
		{291CD638-964A-4E66-AFC1-BC9AFF9E0D60}.Release|Any CPU.ActiveCfg = Release|Any CPU
		{291CD638-964A-4E66-AFC1-BC9AFF9E0D60}.Release|Any CPU.Build.0 = Release|Any CPU
		{291CD638-964A-4E66-AFC1-BC9AFF9E0D60}.Release|x86.ActiveCfg = Release|Any CPU
		{DD8BE6C6-C237-4C82-B521-754900077769}.Debug|Any CPU.ActiveCfg = Debug|Any CPU
		{DD8BE6C6-C237-4C82-B521-754900077769}.Debug|Any CPU.Build.0 = Debug|Any CPU
		{DD8BE6C6-C237-4C82-B521-754900077769}.Debug|x86.ActiveCfg = Debug|Any CPU
		{DD8BE6C6-C237-4C82-B521-754900077769}.Release|Any CPU.ActiveCfg = Release|Any CPU
		{DD8BE6C6-C237-4C82-B521-754900077769}.Release|Any CPU.Build.0 = Release|Any CPU
		{DD8BE6C6-C237-4C82-B521-754900077769}.Release|x86.ActiveCfg = Release|Any CPU
		{FA92914D-1A61-431A-9BD4-82469A1AF787}.Debug|Any CPU.ActiveCfg = Debug|Any CPU
		{FA92914D-1A61-431A-9BD4-82469A1AF787}.Debug|Any CPU.Build.0 = Debug|Any CPU
		{FA92914D-1A61-431A-9BD4-82469A1AF787}.Debug|x86.ActiveCfg = Debug|Any CPU
		{FA92914D-1A61-431A-9BD4-82469A1AF787}.Release|Any CPU.ActiveCfg = Release|Any CPU
		{FA92914D-1A61-431A-9BD4-82469A1AF787}.Release|Any CPU.Build.0 = Release|Any CPU
		{FA92914D-1A61-431A-9BD4-82469A1AF787}.Release|x86.ActiveCfg = Release|Any CPU
		{B5395FB5-D38F-4271-B7A8-8BAC98E37502}.Debug|Any CPU.ActiveCfg = Debug|Any CPU
		{B5395FB5-D38F-4271-B7A8-8BAC98E37502}.Debug|Any CPU.Build.0 = Debug|Any CPU
		{B5395FB5-D38F-4271-B7A8-8BAC98E37502}.Debug|x86.ActiveCfg = Debug|Any CPU
		{B5395FB5-D38F-4271-B7A8-8BAC98E37502}.Release|Any CPU.ActiveCfg = Release|Any CPU
		{B5395FB5-D38F-4271-B7A8-8BAC98E37502}.Release|Any CPU.Build.0 = Release|Any CPU
		{B5395FB5-D38F-4271-B7A8-8BAC98E37502}.Release|x86.ActiveCfg = Release|Any CPU
		{6A86C66C-2A58-4BBF-BA13-B54515052BAE}.Debug|Any CPU.ActiveCfg = Debug|Any CPU
		{6A86C66C-2A58-4BBF-BA13-B54515052BAE}.Debug|Any CPU.Build.0 = Debug|Any CPU
		{6A86C66C-2A58-4BBF-BA13-B54515052BAE}.Debug|x86.ActiveCfg = Debug|Any CPU
		{6A86C66C-2A58-4BBF-BA13-B54515052BAE}.Release|Any CPU.ActiveCfg = Release|Any CPU
		{6A86C66C-2A58-4BBF-BA13-B54515052BAE}.Release|Any CPU.Build.0 = Release|Any CPU
		{6A86C66C-2A58-4BBF-BA13-B54515052BAE}.Release|x86.ActiveCfg = Release|Any CPU
		{3B6C7425-AA18-4890-ADF1-56F21095E94E}.Debug|Any CPU.ActiveCfg = Debug|Any CPU
		{3B6C7425-AA18-4890-ADF1-56F21095E94E}.Debug|Any CPU.Build.0 = Debug|Any CPU
		{3B6C7425-AA18-4890-ADF1-56F21095E94E}.Debug|x86.ActiveCfg = Debug|Any CPU
		{3B6C7425-AA18-4890-ADF1-56F21095E94E}.Release|Any CPU.ActiveCfg = Release|Any CPU
		{3B6C7425-AA18-4890-ADF1-56F21095E94E}.Release|Any CPU.Build.0 = Release|Any CPU
		{3B6C7425-AA18-4890-ADF1-56F21095E94E}.Release|x86.ActiveCfg = Release|Any CPU
		{6899DB22-2477-42CD-813C-ED77011AE28F}.Debug|Any CPU.ActiveCfg = Debug|Any CPU
		{6899DB22-2477-42CD-813C-ED77011AE28F}.Debug|Any CPU.Build.0 = Debug|Any CPU
		{6899DB22-2477-42CD-813C-ED77011AE28F}.Debug|x86.ActiveCfg = Debug|Any CPU
		{6899DB22-2477-42CD-813C-ED77011AE28F}.Release|Any CPU.ActiveCfg = Release|Any CPU
		{6899DB22-2477-42CD-813C-ED77011AE28F}.Release|Any CPU.Build.0 = Release|Any CPU
		{6899DB22-2477-42CD-813C-ED77011AE28F}.Release|x86.ActiveCfg = Release|Any CPU
		{0C0EFC5C-B5E8-4595-B270-A67D2463FEAA}.Debug|Any CPU.ActiveCfg = Debug|Any CPU
		{0C0EFC5C-B5E8-4595-B270-A67D2463FEAA}.Debug|Any CPU.Build.0 = Debug|Any CPU
		{0C0EFC5C-B5E8-4595-B270-A67D2463FEAA}.Debug|x86.ActiveCfg = Debug|Any CPU
		{0C0EFC5C-B5E8-4595-B270-A67D2463FEAA}.Release|Any CPU.ActiveCfg = Release|Any CPU
		{0C0EFC5C-B5E8-4595-B270-A67D2463FEAA}.Release|Any CPU.Build.0 = Release|Any CPU
		{0C0EFC5C-B5E8-4595-B270-A67D2463FEAA}.Release|x86.ActiveCfg = Release|Any CPU
		{78748E63-B733-4B50-BE65-05E711E33D4F}.Debug|Any CPU.ActiveCfg = Debug|Any CPU
		{78748E63-B733-4B50-BE65-05E711E33D4F}.Debug|Any CPU.Build.0 = Debug|Any CPU
		{78748E63-B733-4B50-BE65-05E711E33D4F}.Debug|x86.ActiveCfg = Debug|Any CPU
		{78748E63-B733-4B50-BE65-05E711E33D4F}.Release|Any CPU.ActiveCfg = Release|Any CPU
		{78748E63-B733-4B50-BE65-05E711E33D4F}.Release|Any CPU.Build.0 = Release|Any CPU
		{78748E63-B733-4B50-BE65-05E711E33D4F}.Release|x86.ActiveCfg = Release|Any CPU
		{B60D9D96-28D9-4D65-B493-2D8EBD8CDF44}.Debug|Any CPU.ActiveCfg = Debug|Any CPU
		{B60D9D96-28D9-4D65-B493-2D8EBD8CDF44}.Debug|Any CPU.Build.0 = Debug|Any CPU
		{B60D9D96-28D9-4D65-B493-2D8EBD8CDF44}.Debug|x86.ActiveCfg = Debug|Any CPU
		{B60D9D96-28D9-4D65-B493-2D8EBD8CDF44}.Release|Any CPU.ActiveCfg = Release|Any CPU
		{B60D9D96-28D9-4D65-B493-2D8EBD8CDF44}.Release|Any CPU.Build.0 = Release|Any CPU
		{B60D9D96-28D9-4D65-B493-2D8EBD8CDF44}.Release|x86.ActiveCfg = Release|Any CPU
		{07F2FB99-129A-482E-8ECC-8AC494F2C0D0}.Debug|Any CPU.ActiveCfg = Debug|Any CPU
		{07F2FB99-129A-482E-8ECC-8AC494F2C0D0}.Debug|Any CPU.Build.0 = Debug|Any CPU
		{07F2FB99-129A-482E-8ECC-8AC494F2C0D0}.Debug|x86.ActiveCfg = Debug|Any CPU
		{07F2FB99-129A-482E-8ECC-8AC494F2C0D0}.Release|Any CPU.ActiveCfg = Release|Any CPU
		{07F2FB99-129A-482E-8ECC-8AC494F2C0D0}.Release|Any CPU.Build.0 = Release|Any CPU
		{07F2FB99-129A-482E-8ECC-8AC494F2C0D0}.Release|x86.ActiveCfg = Release|Any CPU
		{FCC053CE-BC45-4687-84BF-8F8B731089ED}.Debug|Any CPU.ActiveCfg = Debug|Any CPU
		{FCC053CE-BC45-4687-84BF-8F8B731089ED}.Debug|Any CPU.Build.0 = Debug|Any CPU
		{FCC053CE-BC45-4687-84BF-8F8B731089ED}.Debug|x86.ActiveCfg = Debug|Any CPU
		{FCC053CE-BC45-4687-84BF-8F8B731089ED}.Release|Any CPU.ActiveCfg = Release|Any CPU
		{FCC053CE-BC45-4687-84BF-8F8B731089ED}.Release|Any CPU.Build.0 = Release|Any CPU
		{FCC053CE-BC45-4687-84BF-8F8B731089ED}.Release|x86.ActiveCfg = Release|Any CPU
		{F4D6DE83-4CC0-43A0-8796-1279B4B5F26F}.Debug|Any CPU.ActiveCfg = Debug|Any CPU
		{F4D6DE83-4CC0-43A0-8796-1279B4B5F26F}.Debug|Any CPU.Build.0 = Debug|Any CPU
		{F4D6DE83-4CC0-43A0-8796-1279B4B5F26F}.Debug|x86.ActiveCfg = Debug|Any CPU
		{F4D6DE83-4CC0-43A0-8796-1279B4B5F26F}.Release|Any CPU.ActiveCfg = Release|Any CPU
		{F4D6DE83-4CC0-43A0-8796-1279B4B5F26F}.Release|Any CPU.Build.0 = Release|Any CPU
		{F4D6DE83-4CC0-43A0-8796-1279B4B5F26F}.Release|x86.ActiveCfg = Release|Any CPU
		{15DF8877-A758-4D78-BAE8-1E3290548D1D}.Debug|Any CPU.ActiveCfg = Debug|Any CPU
		{15DF8877-A758-4D78-BAE8-1E3290548D1D}.Debug|Any CPU.Build.0 = Debug|Any CPU
		{15DF8877-A758-4D78-BAE8-1E3290548D1D}.Debug|x86.ActiveCfg = Debug|Any CPU
		{15DF8877-A758-4D78-BAE8-1E3290548D1D}.Release|Any CPU.ActiveCfg = Release|Any CPU
		{15DF8877-A758-4D78-BAE8-1E3290548D1D}.Release|Any CPU.Build.0 = Release|Any CPU
		{15DF8877-A758-4D78-BAE8-1E3290548D1D}.Release|x86.ActiveCfg = Release|Any CPU
		{8937F640-29DA-43B3-887E-88F5A855F01B}.Debug|Any CPU.ActiveCfg = Debug|Any CPU
		{8937F640-29DA-43B3-887E-88F5A855F01B}.Debug|Any CPU.Build.0 = Debug|Any CPU
		{8937F640-29DA-43B3-887E-88F5A855F01B}.Debug|x86.ActiveCfg = Debug|Any CPU
		{8937F640-29DA-43B3-887E-88F5A855F01B}.Release|Any CPU.ActiveCfg = Release|Any CPU
		{8937F640-29DA-43B3-887E-88F5A855F01B}.Release|Any CPU.Build.0 = Release|Any CPU
		{8937F640-29DA-43B3-887E-88F5A855F01B}.Release|x86.ActiveCfg = Release|Any CPU
		{7E8945BA-1C9C-4C88-A4D9-70BE863C4056}.Debug|Any CPU.ActiveCfg = Debug|Any CPU
		{7E8945BA-1C9C-4C88-A4D9-70BE863C4056}.Debug|Any CPU.Build.0 = Debug|Any CPU
		{7E8945BA-1C9C-4C88-A4D9-70BE863C4056}.Debug|x86.ActiveCfg = Debug|Any CPU
		{7E8945BA-1C9C-4C88-A4D9-70BE863C4056}.Release|Any CPU.ActiveCfg = Release|Any CPU
		{7E8945BA-1C9C-4C88-A4D9-70BE863C4056}.Release|Any CPU.Build.0 = Release|Any CPU
		{7E8945BA-1C9C-4C88-A4D9-70BE863C4056}.Release|x86.ActiveCfg = Release|Any CPU
		{BA802E4D-7B42-456A-AD84-8A98B746379C}.Debug|Any CPU.ActiveCfg = Debug|Any CPU
		{BA802E4D-7B42-456A-AD84-8A98B746379C}.Debug|Any CPU.Build.0 = Debug|Any CPU
		{BA802E4D-7B42-456A-AD84-8A98B746379C}.Debug|x86.ActiveCfg = Debug|Any CPU
		{BA802E4D-7B42-456A-AD84-8A98B746379C}.Release|Any CPU.ActiveCfg = Release|Any CPU
		{BA802E4D-7B42-456A-AD84-8A98B746379C}.Release|Any CPU.Build.0 = Release|Any CPU
		{BA802E4D-7B42-456A-AD84-8A98B746379C}.Release|x86.ActiveCfg = Release|Any CPU
		{FCDF610D-8D0C-41E1-AE18-4915FC461560}.Debug|Any CPU.ActiveCfg = Debug|Any CPU
		{FCDF610D-8D0C-41E1-AE18-4915FC461560}.Debug|Any CPU.Build.0 = Debug|Any CPU
		{FCDF610D-8D0C-41E1-AE18-4915FC461560}.Debug|x86.ActiveCfg = Debug|Any CPU
		{FCDF610D-8D0C-41E1-AE18-4915FC461560}.Release|Any CPU.ActiveCfg = Release|Any CPU
		{FCDF610D-8D0C-41E1-AE18-4915FC461560}.Release|Any CPU.Build.0 = Release|Any CPU
		{FCDF610D-8D0C-41E1-AE18-4915FC461560}.Release|x86.ActiveCfg = Release|Any CPU
		{BD901EFF-3281-40FB-9B1B-6A3D3663842E}.Debug|Any CPU.ActiveCfg = Debug|Any CPU
		{BD901EFF-3281-40FB-9B1B-6A3D3663842E}.Debug|Any CPU.Build.0 = Debug|Any CPU
		{BD901EFF-3281-40FB-9B1B-6A3D3663842E}.Debug|x86.ActiveCfg = Debug|Any CPU
		{BD901EFF-3281-40FB-9B1B-6A3D3663842E}.Release|Any CPU.ActiveCfg = Release|Any CPU
		{BD901EFF-3281-40FB-9B1B-6A3D3663842E}.Release|Any CPU.Build.0 = Release|Any CPU
		{BD901EFF-3281-40FB-9B1B-6A3D3663842E}.Release|x86.ActiveCfg = Release|Any CPU
		{2AFB6ECD-5664-4291-A252-6C471687F7D7}.Debug|Any CPU.ActiveCfg = Debug|Any CPU
		{2AFB6ECD-5664-4291-A252-6C471687F7D7}.Debug|Any CPU.Build.0 = Debug|Any CPU
		{2AFB6ECD-5664-4291-A252-6C471687F7D7}.Debug|x86.ActiveCfg = Debug|x86
		{2AFB6ECD-5664-4291-A252-6C471687F7D7}.Debug|x86.Build.0 = Debug|x86
		{2AFB6ECD-5664-4291-A252-6C471687F7D7}.Release|Any CPU.ActiveCfg = Release|Any CPU
		{2AFB6ECD-5664-4291-A252-6C471687F7D7}.Release|Any CPU.Build.0 = Release|Any CPU
		{2AFB6ECD-5664-4291-A252-6C471687F7D7}.Release|x86.ActiveCfg = Release|x86
		{2AFB6ECD-5664-4291-A252-6C471687F7D7}.Release|x86.Build.0 = Release|x86
		{261D4F4E-AC44-4C48-BAA7-10E27B9F8F21}.Debug|Any CPU.ActiveCfg = Debug|Any CPU
		{261D4F4E-AC44-4C48-BAA7-10E27B9F8F21}.Debug|Any CPU.Build.0 = Debug|Any CPU
		{261D4F4E-AC44-4C48-BAA7-10E27B9F8F21}.Debug|x86.ActiveCfg = Debug|Any CPU
		{261D4F4E-AC44-4C48-BAA7-10E27B9F8F21}.Release|Any CPU.ActiveCfg = Release|Any CPU
		{261D4F4E-AC44-4C48-BAA7-10E27B9F8F21}.Release|Any CPU.Build.0 = Release|Any CPU
		{261D4F4E-AC44-4C48-BAA7-10E27B9F8F21}.Release|x86.ActiveCfg = Release|Any CPU
	EndGlobalSection
	GlobalSection(SolutionProperties) = preSolution
		HideSolutionNode = FALSE
	EndGlobalSection
	GlobalSection(NestedProjects) = preSolution
		{13419928-FF46-4453-87F6-41303D47ECBA} = {9B157EE9-4FA6-45D5-BAEC-8A66E94D1B4B}
		{CC95AA3A-B6B9-44AB-B129-FACFD05DD019} = {9B157EE9-4FA6-45D5-BAEC-8A66E94D1B4B}
		{F79CBC68-A9B3-4351-B995-7B1A1E915804} = {9B157EE9-4FA6-45D5-BAEC-8A66E94D1B4B}
		{917EE418-79F4-4507-868B-0B0186228788} = {9B157EE9-4FA6-45D5-BAEC-8A66E94D1B4B}
		{1A1DC55C-066A-473E-8D94-E245F13D94EB} = {9B157EE9-4FA6-45D5-BAEC-8A66E94D1B4B}
		{C50CE52A-B641-4359-9917-A43A622B9DA2} = {97C66787-F2D8-4530-A13D-DACC4867FE73}
		{40A0C812-16CB-43F5-93BD-928F7167A17B} = {97C66787-F2D8-4530-A13D-DACC4867FE73}
		{CAC48C2A-8B30-4ED0-8E86-A57F8656CE4D} = {97C66787-F2D8-4530-A13D-DACC4867FE73}
		{65801840-1BEE-4046-986C-1C107B9D729B} = {97C66787-F2D8-4530-A13D-DACC4867FE73}
		{32AE5C57-2901-40F5-BA3E-9811638C3D9E} = {97C66787-F2D8-4530-A13D-DACC4867FE73}
		{87C95364-7158-4D81-83B8-97B649E27ABA} = {13419928-FF46-4453-87F6-41303D47ECBA}
		{15C1A132-940F-4C07-B81A-74C56AC80D10} = {13419928-FF46-4453-87F6-41303D47ECBA}
		{6292109B-6BB4-4120-AD56-F409C0285AB6} = {13419928-FF46-4453-87F6-41303D47ECBA}
		{228201EB-1A36-4E25-B59F-52255CBBE270} = {13419928-FF46-4453-87F6-41303D47ECBA}
		{291CD638-964A-4E66-AFC1-BC9AFF9E0D60} = {13419928-FF46-4453-87F6-41303D47ECBA}
		{723454BE-6A6B-4D52-B0A0-F4B0ED4F8C49} = {13419928-FF46-4453-87F6-41303D47ECBA}
		{ABF4DD1F-C5CE-40E1-86B2-AA82127B1927} = {CC95AA3A-B6B9-44AB-B129-FACFD05DD019}
		{7B619BB0-3AB4-4DC9-BA37-BC5B461BEF17} = {F79CBC68-A9B3-4351-B995-7B1A1E915804}
		{DD8BE6C6-C237-4C82-B521-754900077769} = {917EE418-79F4-4507-868B-0B0186228788}
		{3B6C7425-AA18-4890-ADF1-56F21095E94E} = {C50CE52A-B641-4359-9917-A43A622B9DA2}
		{78748E63-B733-4B50-BE65-05E711E33D4F} = {C50CE52A-B641-4359-9917-A43A622B9DA2}
		{B60D9D96-28D9-4D65-B493-2D8EBD8CDF44} = {C50CE52A-B641-4359-9917-A43A622B9DA2}
		{07F2FB99-129A-482E-8ECC-8AC494F2C0D0} = {C50CE52A-B641-4359-9917-A43A622B9DA2}
		{FCC053CE-BC45-4687-84BF-8F8B731089ED} = {C50CE52A-B641-4359-9917-A43A622B9DA2}
		{7E8945BA-1C9C-4C88-A4D9-70BE863C4056} = {C50CE52A-B641-4359-9917-A43A622B9DA2}
		{FA92914D-1A61-431A-9BD4-82469A1AF787} = {C50CE52A-B641-4359-9917-A43A622B9DA2}
		{2AFB6ECD-5664-4291-A252-6C471687F7D7} = {40A0C812-16CB-43F5-93BD-928F7167A17B}
		{6A86C66C-2A58-4BBF-BA13-B54515052BAE} = {40A0C812-16CB-43F5-93BD-928F7167A17B}
		{15DF8877-A758-4D78-BAE8-1E3290548D1D} = {CAC48C2A-8B30-4ED0-8E86-A57F8656CE4D}
		{FCDF610D-8D0C-41E1-AE18-4915FC461560} = {49A01A77-2807-4E2E-B2D0-838F67FF2E3D}
		{BA802E4D-7B42-456A-AD84-8A98B746379C} = {49A01A77-2807-4E2E-B2D0-838F67FF2E3D}
		{BD901EFF-3281-40FB-9B1B-6A3D3663842E} = {65801840-1BEE-4046-986C-1C107B9D729B}
		{261D4F4E-AC44-4C48-BAA7-10E27B9F8F21} = {623BD592-4AC0-4F3E-90EA-8A1D30460402}
		{B5395FB5-D38F-4271-B7A8-8BAC98E37502} = {32AE5C57-2901-40F5-BA3E-9811638C3D9E}
		{8937F640-29DA-43B3-887E-88F5A855F01B} = {32AE5C57-2901-40F5-BA3E-9811638C3D9E}
		{F4D6DE83-4CC0-43A0-8796-1279B4B5F26F} = {32AE5C57-2901-40F5-BA3E-9811638C3D9E}
		{1130F7D5-1CB1-4619-837F-D4325D723D53} = {32AE5C57-2901-40F5-BA3E-9811638C3D9E}
		{FD17B662-5A37-4FCD-A5AF-B654FA001E89} = {32AE5C57-2901-40F5-BA3E-9811638C3D9E}
		{0C0EFC5C-B5E8-4595-B270-A67D2463FEAA} = {32AE5C57-2901-40F5-BA3E-9811638C3D9E}
		{6899DB22-2477-42CD-813C-ED77011AE28F} = {32AE5C57-2901-40F5-BA3E-9811638C3D9E}
		{AB1A37A9-854C-4C38-BE80-0D2A0502C7A6} = {1A1DC55C-066A-473E-8D94-E245F13D94EB}
		{11D88031-4650-43D5-B626-4C3E9A276923} = {1A1DC55C-066A-473E-8D94-E245F13D94EB}
		{E644F15A-A963-4B9D-808D-9463CB96D0B2} = {1A1DC55C-066A-473E-8D94-E245F13D94EB}
		{6B39535D-B2C1-414C-94A4-BBB70EF8EB0D} = {1A1DC55C-066A-473E-8D94-E245F13D94EB}
		{C04A3F9B-E8C5-42F2-9E15-1B2E71264881} = {1A1DC55C-066A-473E-8D94-E245F13D94EB}
		{FF441462-B6DB-480C-844B-1281C439D514} = {1A1DC55C-066A-473E-8D94-E245F13D94EB}
	EndGlobalSection
EndGlobal
